
Microsoft Visual Studio Solution File, Format Version 12.00
# Visual Studio Version 17
VisualStudioVersion = 17.7.34024.191
MinimumVisualStudioVersion = 10.0.40219.1
Project("{FAE04EC0-301F-11D3-BF4B-00C04F79EFBC}") = "ClassesAndObjects", "ClassesAndObjects\ClassesAndObjects.csproj", "{BB723686-1310-455E-BE72-2E324DCEB3CB}"
EndProject
Global
	GlobalSection(SolutionConfigurationPlatforms) = preSolution
		Debug|Any CPU = Debug|Any CPU
		Release|Any CPU = Release|Any CPU
	EndGlobalSection
	GlobalSection(ProjectConfigurationPlatforms) = postSolution
		{BB723686-1310-455E-BE72-2E324DCEB3CB}.Debug|Any CPU.ActiveCfg = Debug|Any CPU
		{BB723686-1310-455E-BE72-2E324DCEB3CB}.Debug|Any CPU.Build.0 = Debug|Any CPU
		{BB723686-1310-455E-BE72-2E324DCEB3CB}.Release|Any CPU.ActiveCfg = Release|Any CPU
		{BB723686-1310-455E-BE72-2E324DCEB3CB}.Release|Any CPU.Build.0 = Release|Any CPU
	EndGlobalSection
	GlobalSection(SolutionProperties) = preSolution
		HideSolutionNode = FALSE
	EndGlobalSection
	GlobalSection(ExtensibilityGlobals) = postSolution
		SolutionGuid = {F01B16F6-5E7F-48C3-B74B-E5128EF76075}
	EndGlobalSection
EndGlobal
